// !$*UTF8*$!
{
	archiveVersion = 1;
	classes = {
	};
	objectVersion = 46;
	objects = {

/* Begin PBXBuildFile section */
		73BD40111A6D028C0032CD9C /* main.m in Sources */ = {isa = PBXBuildFile; fileRef = 73BD40101A6D028C0032CD9C /* main.m */; };
		73BD40141A6D028C0032CD9C /* AppDelegate.m in Sources */ = {isa = PBXBuildFile; fileRef = 73BD40131A6D028C0032CD9C /* AppDelegate.m */; };
		73BD40171A6D028C0032CD9C /* ViewController.m in Sources */ = {isa = PBXBuildFile; fileRef = 73BD40161A6D028C0032CD9C /* ViewController.m */; };
		73BD401A1A6D028C0032CD9C /* Main.storyboard in Resources */ = {isa = PBXBuildFile; fileRef = 73BD40181A6D028C0032CD9C /* Main.storyboard */; };
		73BD401C1A6D028C0032CD9C /* Images.xcassets in Resources */ = {isa = PBXBuildFile; fileRef = 73BD401B1A6D028C0032CD9C /* Images.xcassets */; };
		73BD401F1A6D028C0032CD9C /* LaunchScreen.xib in Resources */ = {isa = PBXBuildFile; fileRef = 73BD401D1A6D028C0032CD9C /* LaunchScreen.xib */; };
		73BD402B1A6D028C0032CD9C /* JamalCycleScrollViewTests.m in Sources */ = {isa = PBXBuildFile; fileRef = 73BD402A1A6D028C0032CD9C /* JamalCycleScrollViewTests.m */; };
		73BD40381A6D02AF0032CD9C /* CycleScrollView.m in Sources */ = {isa = PBXBuildFile; fileRef = 73BD40351A6D02AF0032CD9C /* CycleScrollView.m */; };
		73BD40391A6D02AF0032CD9C /* NSTimer+Addition.m in Sources */ = {isa = PBXBuildFile; fileRef = 73BD40371A6D02AF0032CD9C /* NSTimer+Addition.m */; };
		73BD403D1A6D05430032CD9C /* title_hd1@2x.png in Resources */ = {isa = PBXBuildFile; fileRef = 73BD403B1A6D05430032CD9C /* title_hd1@2x.png */; };
		73BD403E1A6D05430032CD9C /* title_hd2@2x.png in Resources */ = {isa = PBXBuildFile; fileRef = 73BD403C1A6D05430032CD9C /* title_hd2@2x.png */; };
/* End PBXBuildFile section */

/* Begin PBXContainerItemProxy section */
		73BD40251A6D028C0032CD9C /* PBXContainerItemProxy */ = {
			isa = PBXContainerItemProxy;
			containerPortal = 73BD40031A6D028C0032CD9C /* Project object */;
			proxyType = 1;
			remoteGlobalIDString = 73BD400A1A6D028C0032CD9C;
			remoteInfo = JamalCycleScrollView;
		};
/* End PBXContainerItemProxy section */

/* Begin PBXFileReference section */
		73BD400B1A6D028C0032CD9C /* JamalCycleScrollView.app */ = {isa = PBXFileReference; explicitFileType = wrapper.application; includeInIndex = 0; path = JamalCycleScrollView.app; sourceTree = BUILT_PRODUCTS_DIR; };
		73BD400F1A6D028C0032CD9C /* Info.plist */ = {isa = PBXFileReference; lastKnownFileType = text.plist.xml; path = Info.plist; sourceTree = "<group>"; };
		73BD40101A6D028C0032CD9C /* main.m */ = {isa = PBXFileReference; lastKnownFileType = sourcecode.c.objc; path = main.m; sourceTree = "<group>"; };
		73BD40121A6D028C0032CD9C /* AppDelegate.h */ = {isa = PBXFileReference; lastKnownFileType = sourcecode.c.h; path = AppDelegate.h; sourceTree = "<group>"; };
		73BD40131A6D028C0032CD9C /* AppDelegate.m */ = {isa = PBXFileReference; lastKnownFileType = sourcecode.c.objc; path = AppDelegate.m; sourceTree = "<group>"; };
		73BD40151A6D028C0032CD9C /* ViewController.h */ = {isa = PBXFileReference; lastKnownFileType = sourcecode.c.h; path = ViewController.h; sourceTree = "<group>"; };
		73BD40161A6D028C0032CD9C /* ViewController.m */ = {isa = PBXFileReference; lastKnownFileType = sourcecode.c.objc; path = ViewController.m; sourceTree = "<group>"; };
		73BD40191A6D028C0032CD9C /* Base */ = {isa = PBXFileReference; lastKnownFileType = file.storyboard; name = Base; path = Base.lproj/Main.storyboard; sourceTree = "<group>"; };
		73BD401B1A6D028C0032CD9C /* Images.xcassets */ = {isa = PBXFileReference; lastKnownFileType = folder.assetcatalog; path = Images.xcassets; sourceTree = "<group>"; };
		73BD401E1A6D028C0032CD9C /* Base */ = {isa = PBXFileReference; lastKnownFileType = file.xib; name = Base; path = Base.lproj/LaunchScreen.xib; sourceTree = "<group>"; };
		73BD40241A6D028C0032CD9C /* JamalCycleScrollViewTests.xctest */ = {isa = PBXFileReference; explicitFileType = wrapper.cfbundle; includeInIndex = 0; path = JamalCycleScrollViewTests.xctest; sourceTree = BUILT_PRODUCTS_DIR; };
		73BD40291A6D028C0032CD9C /* Info.plist */ = {isa = PBXFileReference; lastKnownFileType = text.plist.xml; path = Info.plist; sourceTree = "<group>"; };
		73BD402A1A6D028C0032CD9C /* JamalCycleScrollViewTests.m */ = {isa = PBXFileReference; lastKnownFileType = sourcecode.c.objc; path = JamalCycleScrollViewTests.m; sourceTree = "<group>"; };
		73BD40341A6D02AF0032CD9C /* CycleScrollView.h */ = {isa = PBXFileReference; fileEncoding = 4; lastKnownFileType = sourcecode.c.h; path = CycleScrollView.h; sourceTree = "<group>"; };
		73BD40351A6D02AF0032CD9C /* CycleScrollView.m */ = {isa = PBXFileReference; fileEncoding = 4; lastKnownFileType = sourcecode.c.objc; path = CycleScrollView.m; sourceTree = "<group>"; };
		73BD40361A6D02AF0032CD9C /* NSTimer+Addition.h */ = {isa = PBXFileReference; fileEncoding = 4; lastKnownFileType = sourcecode.c.h; path = "NSTimer+Addition.h"; sourceTree = "<group>"; };
		73BD40371A6D02AF0032CD9C /* NSTimer+Addition.m */ = {isa = PBXFileReference; fileEncoding = 4; lastKnownFileType = sourcecode.c.objc; path = "NSTimer+Addition.m"; sourceTree = "<group>"; };
		73BD403B1A6D05430032CD9C /* title_hd1@2x.png */ = {isa = PBXFileReference; lastKnownFileType = image.png; name = "title_hd1@2x.png"; path = "JamalCycleScrollView/title_hd1@2x.png"; sourceTree = "<group>"; };
		73BD403C1A6D05430032CD9C /* title_hd2@2x.png */ = {isa = PBXFileReference; lastKnownFileType = image.png; name = "title_hd2@2x.png"; path = "JamalCycleScrollView/title_hd2@2x.png"; sourceTree = "<group>"; };
/* End PBXFileReference section */

/* Begin PBXFrameworksBuildPhase section */
		73BD40081A6D028C0032CD9C /* Frameworks */ = {
			isa = PBXFrameworksBuildPhase;
			buildActionMask = 2147483647;
			files = (
			);
			runOnlyForDeploymentPostprocessing = 0;
		};
		73BD40211A6D028C0032CD9C /* Frameworks */ = {
			isa = PBXFrameworksBuildPhase;
			buildActionMask = 2147483647;
			files = (
			);
			runOnlyForDeploymentPostprocessing = 0;
		};
/* End PBXFrameworksBuildPhase section */

/* Begin PBXGroup section */
		73BD40021A6D028C0032CD9C = {
			isa = PBXGroup;
			children = (
				73BD403B1A6D05430032CD9C /* title_hd1@2x.png */,
				73BD403C1A6D05430032CD9C /* title_hd2@2x.png */,
				73BD400D1A6D028C0032CD9C /* JamalCycleScrollView */,
				73BD40271A6D028C0032CD9C /* JamalCycleScrollViewTests */,
				73BD400C1A6D028C0032CD9C /* Products */,
			);
			sourceTree = "<group>";
		};
		73BD400C1A6D028C0032CD9C /* Products */ = {
			isa = PBXGroup;
			children = (
				73BD400B1A6D028C0032CD9C /* JamalCycleScrollView.app */,
				73BD40241A6D028C0032CD9C /* JamalCycleScrollViewTests.xctest */,
			);
			name = Products;
			sourceTree = "<group>";
		};
		73BD400D1A6D028C0032CD9C /* JamalCycleScrollView */ = {
			isa = PBXGroup;
			children = (
				73BD40121A6D028C0032CD9C /* AppDelegate.h */,
				73BD40131A6D028C0032CD9C /* AppDelegate.m */,
				73BD40151A6D028C0032CD9C /* ViewController.h */,
				73BD40161A6D028C0032CD9C /* ViewController.m */,
				73BD403A1A6D02B20032CD9C /* CycleScrollView */,
				73BD40181A6D028C0032CD9C /* Main.storyboard */,
				73BD401B1A6D028C0032CD9C /* Images.xcassets */,
				73BD401D1A6D028C0032CD9C /* LaunchScreen.xib */,
				73BD400E1A6D028C0032CD9C /* Supporting Files */,
			);
			path = JamalCycleScrollView;
			sourceTree = "<group>";
		};
		73BD400E1A6D028C0032CD9C /* Supporting Files */ = {
			isa = PBXGroup;
			children = (
				73BD400F1A6D028C0032CD9C /* Info.plist */,
				73BD40101A6D028C0032CD9C /* main.m */,
			);
			name = "Supporting Files";
			sourceTree = "<group>";
		};
		73BD40271A6D028C0032CD9C /* JamalCycleScrollViewTests */ = {
			isa = PBXGroup;
			children = (
				73BD402A1A6D028C0032CD9C /* JamalCycleScrollViewTests.m */,
				73BD40281A6D028C0032CD9C /* Supporting Files */,
			);
			path = JamalCycleScrollViewTests;
			sourceTree = "<group>";
		};
		73BD40281A6D028C0032CD9C /* Supporting Files */ = {
			isa = PBXGroup;
			children = (
				73BD40291A6D028C0032CD9C /* Info.plist */,
			);
			name = "Supporting Files";
			sourceTree = "<group>";
		};
		73BD403A1A6D02B20032CD9C /* CycleScrollView */ = {
			isa = PBXGroup;
			children = (
				73BD40341A6D02AF0032CD9C /* CycleScrollView.h */,
				73BD40351A6D02AF0032CD9C /* CycleScrollView.m */,
				73BD40361A6D02AF0032CD9C /* NSTimer+Addition.h */,
				73BD40371A6D02AF0032CD9C /* NSTimer+Addition.m */,
			);
			name = CycleScrollView;
			sourceTree = "<group>";
		};
/* End PBXGroup section */

/* Begin PBXNativeTarget section */
		73BD400A1A6D028C0032CD9C /* JamalCycleScrollView */ = {
			isa = PBXNativeTarget;
			buildConfigurationList = 73BD402E1A6D028C0032CD9C /* Build configuration list for PBXNativeTarget "JamalCycleScrollView" */;
			buildPhases = (
				73BD40071A6D028C0032CD9C /* Sources */,
				73BD40081A6D028C0032CD9C /* Frameworks */,
				73BD40091A6D028C0032CD9C /* Resources */,
			);
			buildRules = (
			);
			dependencies = (
			);
			name = JamalCycleScrollView;
			productName = JamalCycleScrollView;
			productReference = 73BD400B1A6D028C0032CD9C /* JamalCycleScrollView.app */;
			productType = "com.apple.product-type.application";
		};
		73BD40231A6D028C0032CD9C /* JamalCycleScrollViewTests */ = {
			isa = PBXNativeTarget;
			buildConfigurationList = 73BD40311A6D028C0032CD9C /* Build configuration list for PBXNativeTarget "JamalCycleScrollViewTests" */;
			buildPhases = (
				73BD40201A6D028C0032CD9C /* Sources */,
				73BD40211A6D028C0032CD9C /* Frameworks */,
				73BD40221A6D028C0032CD9C /* Resources */,
			);
			buildRules = (
			);
			dependencies = (
				73BD40261A6D028C0032CD9C /* PBXTargetDependency */,
			);
			name = JamalCycleScrollViewTests;
			productName = JamalCycleScrollViewTests;
			productReference = 73BD40241A6D028C0032CD9C /* JamalCycleScrollViewTests.xctest */;
			productType = "com.apple.product-type.bundle.unit-test";
		};
/* End PBXNativeTarget section */

/* Begin PBXProject section */
		73BD40031A6D028C0032CD9C /* Project object */ = {
			isa = PBXProject;
			attributes = {
				LastUpgradeCheck = 0600;
				ORGANIZATIONNAME = jamalping;
				TargetAttributes = {
					73BD400A1A6D028C0032CD9C = {
						CreatedOnToolsVersion = 6.0.1;
					};
					73BD40231A6D028C0032CD9C = {
						CreatedOnToolsVersion = 6.0.1;
						TestTargetID = 73BD400A1A6D028C0032CD9C;
					};
				};
			};
			buildConfigurationList = 73BD40061A6D028C0032CD9C /* Build configuration list for PBXProject "JamalCycleScrollView" */;
			compatibilityVersion = "Xcode 3.2";
			developmentRegion = English;
			hasScannedForEncodings = 0;
			knownRegions = (
				en,
				Base,
			);
			mainGroup = 73BD40021A6D028C0032CD9C;
			productRefGroup = 73BD400C1A6D028C0032CD9C /* Products */;
			projectDirPath = "";
			projectRoot = "";
			targets = (
				73BD400A1A6D028C0032CD9C /* JamalCycleScrollView */,
				73BD40231A6D028C0032CD9C /* JamalCycleScrollViewTests */,
			);
		};
/* End PBXProject section */

/* Begin PBXResourcesBuildPhase section */
		73BD40091A6D028C0032CD9C /* Resources */ = {
			isa = PBXResourcesBuildPhase;
			buildActionMask = 2147483647;
			files = (
				73BD401A1A6D028C0032CD9C /* Main.storyboard in Resources */,
				73BD401F1A6D028C0032CD9C /* LaunchScreen.xib in Resources */,
				73BD401C1A6D028C0032CD9C /* Images.xcassets in Resources */,
				73BD403E1A6D05430032CD9C /* title_hd2@2x.png in Resources */,
				73BD403D1A6D05430032CD9C /* title_hd1@2x.png in Resources */,
			);
			runOnlyForDeploymentPostprocessing = 0;
		};
		73BD40221A6D028C0032CD9C /* Resources */ = {
			isa = PBXResourcesBuildPhase;
			buildActionMask = 2147483647;
			files = (
			);
			runOnlyForDeploymentPostprocessing = 0;
		};
/* End PBXResourcesBuildPhase section */

/* Begin PBXSourcesBuildPhase section */
		73BD40071A6D028C0032CD9C /* Sources */ = {
			isa = PBXSourcesBuildPhase;
			buildActionMask = 2147483647;
			files = (
				73BD40171A6D028C0032CD9C /* ViewController.m in Sources */,
				73BD40141A6D028C0032CD9C /* AppDelegate.m in Sources */,
				73BD40381A6D02AF0032CD9C /* CycleScrollView.m in Sources */,
				73BD40391A6D02AF0032CD9C /* NSTimer+Addition.m in Sources */,
				73BD40111A6D028C0032CD9C /* main.m in Sources */,
			);
			runOnlyForDeploymentPostprocessing = 0;
		};
		73BD40201A6D028C0032CD9C /* Sources */ = {
			isa = PBXSourcesBuildPhase;
			buildActionMask = 2147483647;
			files = (
				73BD402B1A6D028C0032CD9C /* JamalCycleScrollViewTests.m in Sources */,
			);
			runOnlyForDeploymentPostprocessing = 0;
		};
/* End PBXSourcesBuildPhase section */

/* Begin PBXTargetDependency section */
		73BD40261A6D028C0032CD9C /* PBXTargetDependency */ = {
			isa = PBXTargetDependency;
			target = 73BD400A1A6D028C0032CD9C /* JamalCycleScrollView */;
			targetProxy = 73BD40251A6D028C0032CD9C /* PBXContainerItemProxy */;
		};
/* End PBXTargetDependency section */

/* Begin PBXVariantGroup section */
		73BD40181A6D028C0032CD9C /* Main.storyboard */ = {
			isa = PBXVariantGroup;
			children = (
				73BD40191A6D028C0032CD9C /* Base */,
			);
			name = Main.storyboard;
			sourceTree = "<group>";
		};
		73BD401D1A6D028C0032CD9C /* LaunchScreen.xib */ = {
			isa = PBXVariantGroup;
			children = (
				73BD401E1A6D028C0032CD9C /* Base */,
			);
			name = LaunchScreen.xib;
			sourceTree = "<group>";
		};
/* End PBXVariantGroup section */

/* Begin XCBuildConfiguration section */
		73BD402C1A6D028C0032CD9C /* Debug */ = {
			isa = XCBuildConfiguration;
			buildSettings = {
				ALWAYS_SEARCH_USER_PATHS = NO;
				CLANG_CXX_LANGUAGE_STANDARD = "gnu++0x";
				CLANG_CXX_LIBRARY = "libc++";
				CLANG_ENABLE_MODULES = YES;
				CLANG_ENABLE_OBJC_ARC = YES;
				CLANG_WARN_BOOL_CONVERSION = YES;
				CLANG_WARN_CONSTANT_CONVERSION = YES;
				CLANG_WARN_DIRECT_OBJC_ISA_USAGE = YES_ERROR;
				CLANG_WARN_EMPTY_BODY = YES;
				CLANG_WARN_ENUM_CONVERSION = YES;
				CLANG_WARN_INT_CONVERSION = YES;
				CLANG_WARN_OBJC_ROOT_CLASS = YES_ERROR;
				CLANG_WARN_UNREACHABLE_CODE = YES;
				CLANG_WARN__DUPLICATE_METHOD_MATCH = YES;
				"CODE_SIGN_IDENTITY[sdk=iphoneos*]" = "iPhone Developer";
				COPY_PHASE_STRIP = NO;
				ENABLE_STRICT_OBJC_MSGSEND = YES;
				GCC_C_LANGUAGE_STANDARD = gnu99;
				GCC_DYNAMIC_NO_PIC = NO;
				GCC_OPTIMIZATION_LEVEL = 0;
				GCC_PREPROCESSOR_DEFINITIONS = (
					"DEBUG=1",
					"$(inherited)",
				);
				GCC_SYMBOLS_PRIVATE_EXTERN = NO;
				GCC_WARN_64_TO_32_BIT_CONVERSION = YES;
				GCC_WARN_ABOUT_RETURN_TYPE = YES_ERROR;
				GCC_WARN_UNDECLARED_SELECTOR = YES;
				GCC_WARN_UNINITIALIZED_AUTOS = YES_AGGRESSIVE;
				GCC_WARN_UNUSED_FUNCTION = YES;
				GCC_WARN_UNUSED_VARIABLE = YES;
				IPHONEOS_DEPLOYMENT_TARGET = 8.0;
				MTL_ENABLE_DEBUG_INFO = YES;
				ONLY_ACTIVE_ARCH = YES;
				SDKROOT = iphoneos;
			};
			name = Debug;
		};
		73BD402D1A6D028C0032CD9C /* Release */ = {
			isa = XCBuildConfiguration;
			buildSettings = {
				ALWAYS_SEARCH_USER_PATHS = NO;
				CLANG_CXX_LANGUAGE_STANDARD = "gnu++0x";
				CLANG_CXX_LIBRARY = "libc++";
				CLANG_ENABLE_MODULES = YES;
				CLANG_ENABLE_OBJC_ARC = YES;
				CLANG_WARN_BOOL_CONVERSION = YES;
				CLANG_WARN_CONSTANT_CONVERSION = YES;
				CLANG_WARN_DIRECT_OBJC_ISA_USAGE = YES_ERROR;
				CLANG_WARN_EMPTY_BODY = YES;
				CLANG_WARN_ENUM_CONVERSION = YES;
				CLANG_WARN_INT_CONVERSION = YES;
				CLANG_WARN_OBJC_ROOT_CLASS = YES_ERROR;
				CLANG_WARN_UNREACHABLE_CODE = YES;
				CLANG_WARN__DUPLICATE_METHOD_MATCH = YES;
				"CODE_SIGN_IDENTITY[sdk=iphoneos*]" = "iPhone Developer";
				COPY_PHASE_STRIP = YES;
				ENABLE_NS_ASSERTIONS = NO;
				ENABLE_STRICT_OBJC_MSGSEND = YES;
				GCC_C_LANGUAGE_STANDARD = gnu99;
				GCC_WARN_64_TO_32_BIT_CONVERSION = YES;
				GCC_WARN_ABOUT_RETURN_TYPE = YES_ERROR;
				GCC_WARN_UNDECLARED_SELECTOR = YES;
				GCC_WARN_UNINITIALIZED_AUTOS = YES_AGGRESSIVE;
				GCC_WARN_UNUSED_FUNCTION = YES;
				GCC_WARN_UNUSED_VARIABLE = YES;
				IPHONEOS_DEPLOYMENT_TARGET = 8.0;
				MTL_ENABLE_DEBUG_INFO = NO;
				SDKROOT = iphoneos;
				VALIDATE_PRODUCT = YES;
			};
			name = Release;
		};
		73BD402F1A6D028C0032CD9C /* Debug */ = {
			isa = XCBuildConfiguration;
			buildSettings = {
				ASSETCATALOG_COMPILER_APPICON_NAME = AppIcon;
				INFOPLIST_FILE = JamalCycleScrollView/Info.plist;
				LD_RUNPATH_SEARCH_PATHS = "$(inherited) @executable_path/Frameworks";
				PRODUCT_NAME = "$(TARGET_NAME)";
			};
			name = Debug;
		};
		73BD40301A6D028C0032CD9C /* Release */ = {
			isa = XCBuildConfiguration;
			buildSettings = {
				ASSETCATALOG_COMPILER_APPICON_NAME = AppIcon;
				INFOPLIST_FILE = JamalCycleScrollView/Info.plist;
				LD_RUNPATH_SEARCH_PATHS = "$(inherited) @executable_path/Frameworks";
				PRODUCT_NAME = "$(TARGET_NAME)";
			};
			name = Release;
		};
		73BD40321A6D028C0032CD9C /* Debug */ = {
			isa = XCBuildConfiguration;
			buildSettings = {
				BUNDLE_LOADER = "$(TEST_HOST)";
				FRAMEWORK_SEARCH_PATHS = (
					"$(SDKROOT)/Developer/Library/Frameworks",
					"$(inherited)",
				);
				GCC_PREPROCESSOR_DEFINITIONS = (
					"DEBUG=1",
					"$(inherited)",
				);
				INFOPLIST_FILE = JamalCycleScrollViewTests/Info.plist;
				LD_RUNPATH_SEARCH_PATHS = "$(inherited) @executable_path/Frameworks @loader_path/Frameworks";
				PRODUCT_NAME = "$(TARGET_NAME)";
				TEST_HOST = "$(BUILT_PRODUCTS_DIR)/JamalCycleScrollView.app/JamalCycleScrollView";
			};
			name = Debug;
		};
		73BD40331A6D028C0032CD9C /* Release */ = {
			isa = XCBuildConfiguration;
			buildSettings = {
				BUNDLE_LOADER = "$(TEST_HOST)";
				FRAMEWORK_SEARCH_PATHS = (
					"$(SDKROOT)/Developer/Library/Frameworks",
					"$(inherited)",
				);
				INFOPLIST_FILE = JamalCycleScrollViewTests/Info.plist;
				LD_RUNPATH_SEARCH_PATHS = "$(inherited) @executable_path/Frameworks @loader_path/Frameworks";
				PRODUCT_NAME = "$(TARGET_NAME)";
				TEST_HOST = "$(BUILT_PRODUCTS_DIR)/JamalCycleScrollView.app/JamalCycleScrollView";
			};
			name = Release;
		};
/* End XCBuildConfiguration section */

/* Begin XCConfigurationList section */
		73BD40061A6D028C0032CD9C /* Build configuration list for PBXProject "JamalCycleScrollView" */ = {
			isa = XCConfigurationList;
			buildConfigurations = (
				73BD402C1A6D028C0032CD9C /* Debug */,
				73BD402D1A6D028C0032CD9C /* Release */,
			);
			defaultConfigurationIsVisible = 0;
			defaultConfigurationName = Release;
		};
		73BD402E1A6D028C0032CD9C /* Build configuration list for PBXNativeTarget "JamalCycleScrollView" */ = {
			isa = XCConfigurationList;
			buildConfigurations = (
				73BD402F1A6D028C0032CD9C /* Debug */,
				73BD40301A6D028C0032CD9C /* Release */,
			);
			defaultConfigurationIsVisible = 0;
		};
		73BD40311A6D028C0032CD9C /* Build configuration list for PBXNativeTarget "JamalCycleScrollViewTests" */ = {
			isa = XCConfigurationList;
			buildConfigurations = (
				73BD40321A6D028C0032CD9C /* Debug */,
				73BD40331A6D028C0032CD9C /* Release */,
			);
			defaultConfigurationIsVisible = 0;
		};
/* End XCConfigurationList section */
	};
	rootObject = 73BD40031A6D028C0032CD9C /* Project object */;
}
